
Microsoft Visual Studio Solution File, Format Version 12.00
# Visual Studio 2012
Project("{FAE04EC0-301F-11D3-BF4B-00C04F79EFBC}") = "Tesis_A", "Tesis_A\Tesis_A.csproj", "{A8BE80A3-EECE-46DA-88B4-176BDC3DF71F}"
EndProject
Global
	GlobalSection(SolutionConfigurationPlatforms) = preSolution
		Debug|Any CPU = Debug|Any CPU
		Release|Any CPU = Release|Any CPU
	EndGlobalSection
	GlobalSection(ProjectConfigurationPlatforms) = postSolution
		{A8BE80A3-EECE-46DA-88B4-176BDC3DF71F}.Debug|Any CPU.ActiveCfg = Debug|Any CPU
		{A8BE80A3-EECE-46DA-88B4-176BDC3DF71F}.Debug|Any CPU.Build.0 = Debug|Any CPU
		{A8BE80A3-EECE-46DA-88B4-176BDC3DF71F}.Release|Any CPU.ActiveCfg = Release|Any CPU
		{A8BE80A3-EECE-46DA-88B4-176BDC3DF71F}.Release|Any CPU.Build.0 = Release|Any CPU
	EndGlobalSection
	GlobalSection(SolutionProperties) = preSolution
		HideSolutionNode = FALSE
	EndGlobalSection
EndGlobal
